
Microsoft Visual Studio Solution File, Format Version 12.00
# Visual Studio 14
VisualStudioVersion = 14.0.25123.0
MinimumVisualStudioVersion = 10.0.40219.1
Project("{FAE04EC0-301F-11D3-BF4B-00C04F79EFBC}") = "AsyncTest.LongRunning", "AsyncTest.LongRunning\AsyncTest.LongRunning.csproj", "{536CFD27-7357-412F-8C0D-BD29757CE6A6}"
EndProject
Project("{FAE04EC0-301F-11D3-BF4B-00C04F79EFBC}") = "AsyncTest.Database", "AsyncTest.Database\AsyncTest.Database.csproj", "{1FAC6BDE-8462-4B7F-B39B-D1A8CFA3138C}"
EndProject
Project("{FAE04EC0-301F-11D3-BF4B-00C04F79EFBC}") = "AsyncTest.CommandQueue", "AsyncTest.CommandQueue\AsyncTest.CommandQueue.csproj", "{7B805EF3-C115-47DF-94C4-79B7A198BE95}"
EndProject
Project("{FAE04EC0-301F-11D3-BF4B-00C04F79EFBC}") = "AsyncTest.Shared", "AsyncTest.Shared\AsyncTest.Shared.csproj", "{B9A4D0E1-7327-4DE7-BB90-DECF0D3F1F7A}"
EndProject
Project("{FAE04EC0-301F-11D3-BF4B-00C04F79EFBC}") = "AsyncTest.Communication.Server", "AsyncTest.Communication\AsyncTest.Communication.Server\AsyncTest.Communication.Server.csproj", "{4E9E52BB-943B-46FE-8561-3879B27BAA9C}"
EndProject
Project("{2150E333-8FDC-42A3-9474-1A3956D46DE8}") = "AsyncTest.Communication", "AsyncTest.Communication", "{BA2C527B-C244-4C2D-80E8-926EED1A9685}"
EndProject
Project("{FAE04EC0-301F-11D3-BF4B-00C04F79EFBC}") = "AsyncTest.Communication.Client", "AsyncTest.Communication\AsyncTest.Communication.Client\AsyncTest.Communication.Client.csproj", "{C9CC06A4-CC55-488F-8DD0-AA88D942E748}"
EndProject
Project("{FAE04EC0-301F-11D3-BF4B-00C04F79EFBC}") = "AsyncTest.Communication.Interface", "AsyncTest.Communication\AsyncTest.Communication.Interface\AsyncTest.Communication.Interface.csproj", "{CF11D32A-E356-4A4D-B017-B7EDD51C50E6}"
EndProject
Project("{FAE04EC0-301F-11D3-BF4B-00C04F79EFBC}") = "AsyncTest.Monad", "AsyncTest.Monad\AsyncTest.Monad.csproj", "{B18329A8-0AC2-4D86-AE10-30DDE4DA6C0A}"
EndProject
Project("{2150E333-8FDC-42A3-9474-1A3956D46DE8}") = "AsyncTest.Test", "AsyncTest.Test", "{A934847A-8CEA-4E83-A741-0A1B1439ABA8}"
EndProject
Project("{FAE04EC0-301F-11D3-BF4B-00C04F79EFBC}") = "AsyncTest.Test.Monad", "AsyncTest.Test\AsyncTest.Test.Monad\AsyncTest.Test.Monad.csproj", "{8A6D1B83-E210-4EA0-8995-355D64E32FA4}"
EndProject
Project("{FAE04EC0-301F-11D3-BF4B-00C04F79EFBC}") = "AsyncTest.Pump", "AsyncTest.Pump\AsyncTest.Pump.csproj", "{5B7612D5-6B62-451D-B81C-8CFF3355AE28}"
EndProject
Project("{FAE04EC0-301F-11D3-BF4B-00C04F79EFBC}") = "AsyncTest.Test.Pump", "AsyncTest.Test\AsyncTest.Test.Pump\AsyncTest.Test.Pump.csproj", "{F06DA341-88D6-4FA1-83EE-453C747CD607}"
EndProject
Global
	GlobalSection(SolutionConfigurationPlatforms) = preSolution
		Debug|Any CPU = Debug|Any CPU
		Release|Any CPU = Release|Any CPU
	EndGlobalSection
	GlobalSection(ProjectConfigurationPlatforms) = postSolution
		{536CFD27-7357-412F-8C0D-BD29757CE6A6}.Debug|Any CPU.ActiveCfg = Debug|Any CPU
		{536CFD27-7357-412F-8C0D-BD29757CE6A6}.Debug|Any CPU.Build.0 = Debug|Any CPU
		{536CFD27-7357-412F-8C0D-BD29757CE6A6}.Release|Any CPU.ActiveCfg = Release|Any CPU
		{536CFD27-7357-412F-8C0D-BD29757CE6A6}.Release|Any CPU.Build.0 = Release|Any CPU
		{1FAC6BDE-8462-4B7F-B39B-D1A8CFA3138C}.Debug|Any CPU.ActiveCfg = Debug|Any CPU
		{1FAC6BDE-8462-4B7F-B39B-D1A8CFA3138C}.Debug|Any CPU.Build.0 = Debug|Any CPU
		{1FAC6BDE-8462-4B7F-B39B-D1A8CFA3138C}.Release|Any CPU.ActiveCfg = Release|Any CPU
		{1FAC6BDE-8462-4B7F-B39B-D1A8CFA3138C}.Release|Any CPU.Build.0 = Release|Any CPU
		{7B805EF3-C115-47DF-94C4-79B7A198BE95}.Debug|Any CPU.ActiveCfg = Debug|Any CPU
		{7B805EF3-C115-47DF-94C4-79B7A198BE95}.Debug|Any CPU.Build.0 = Debug|Any CPU
		{7B805EF3-C115-47DF-94C4-79B7A198BE95}.Release|Any CPU.ActiveCfg = Release|Any CPU
		{7B805EF3-C115-47DF-94C4-79B7A198BE95}.Release|Any CPU.Build.0 = Release|Any CPU
		{B9A4D0E1-7327-4DE7-BB90-DECF0D3F1F7A}.Debug|Any CPU.ActiveCfg = Debug|Any CPU
		{B9A4D0E1-7327-4DE7-BB90-DECF0D3F1F7A}.Debug|Any CPU.Build.0 = Debug|Any CPU
		{B9A4D0E1-7327-4DE7-BB90-DECF0D3F1F7A}.Release|Any CPU.ActiveCfg = Release|Any CPU
		{B9A4D0E1-7327-4DE7-BB90-DECF0D3F1F7A}.Release|Any CPU.Build.0 = Release|Any CPU
		{4E9E52BB-943B-46FE-8561-3879B27BAA9C}.Debug|Any CPU.ActiveCfg = Debug|Any CPU
		{4E9E52BB-943B-46FE-8561-3879B27BAA9C}.Debug|Any CPU.Build.0 = Debug|Any CPU
		{4E9E52BB-943B-46FE-8561-3879B27BAA9C}.Release|Any CPU.ActiveCfg = Release|Any CPU
		{4E9E52BB-943B-46FE-8561-3879B27BAA9C}.Release|Any CPU.Build.0 = Release|Any CPU
		{C9CC06A4-CC55-488F-8DD0-AA88D942E748}.Debug|Any CPU.ActiveCfg = Debug|Any CPU
		{C9CC06A4-CC55-488F-8DD0-AA88D942E748}.Debug|Any CPU.Build.0 = Debug|Any CPU
		{C9CC06A4-CC55-488F-8DD0-AA88D942E748}.Release|Any CPU.ActiveCfg = Release|Any CPU
		{C9CC06A4-CC55-488F-8DD0-AA88D942E748}.Release|Any CPU.Build.0 = Release|Any CPU
		{CF11D32A-E356-4A4D-B017-B7EDD51C50E6}.Debug|Any CPU.ActiveCfg = Debug|Any CPU
		{CF11D32A-E356-4A4D-B017-B7EDD51C50E6}.Debug|Any CPU.Build.0 = Debug|Any CPU
		{CF11D32A-E356-4A4D-B017-B7EDD51C50E6}.Release|Any CPU.ActiveCfg = Release|Any CPU
		{CF11D32A-E356-4A4D-B017-B7EDD51C50E6}.Release|Any CPU.Build.0 = Release|Any CPU
		{B18329A8-0AC2-4D86-AE10-30DDE4DA6C0A}.Debug|Any CPU.ActiveCfg = Debug|Any CPU
		{B18329A8-0AC2-4D86-AE10-30DDE4DA6C0A}.Debug|Any CPU.Build.0 = Debug|Any CPU
		{B18329A8-0AC2-4D86-AE10-30DDE4DA6C0A}.Release|Any CPU.ActiveCfg = Release|Any CPU
		{B18329A8-0AC2-4D86-AE10-30DDE4DA6C0A}.Release|Any CPU.Build.0 = Release|Any CPU
		{8A6D1B83-E210-4EA0-8995-355D64E32FA4}.Debug|Any CPU.ActiveCfg = Debug|Any CPU
		{8A6D1B83-E210-4EA0-8995-355D64E32FA4}.Debug|Any CPU.Build.0 = Debug|Any CPU
		{8A6D1B83-E210-4EA0-8995-355D64E32FA4}.Release|Any CPU.ActiveCfg = Release|Any CPU
		{8A6D1B83-E210-4EA0-8995-355D64E32FA4}.Release|Any CPU.Build.0 = Release|Any CPU
		{5B7612D5-6B62-451D-B81C-8CFF3355AE28}.Debug|Any CPU.ActiveCfg = Debug|Any CPU
		{5B7612D5-6B62-451D-B81C-8CFF3355AE28}.Debug|Any CPU.Build.0 = Debug|Any CPU
		{5B7612D5-6B62-451D-B81C-8CFF3355AE28}.Release|Any CPU.ActiveCfg = Release|Any CPU
		{5B7612D5-6B62-451D-B81C-8CFF3355AE28}.Release|Any CPU.Build.0 = Release|Any CPU
		{F06DA341-88D6-4FA1-83EE-453C747CD607}.Debug|Any CPU.ActiveCfg = Debug|Any CPU
		{F06DA341-88D6-4FA1-83EE-453C747CD607}.Debug|Any CPU.Build.0 = Debug|Any CPU
		{F06DA341-88D6-4FA1-83EE-453C747CD607}.Release|Any CPU.ActiveCfg = Release|Any CPU
		{F06DA341-88D6-4FA1-83EE-453C747CD607}.Release|Any CPU.Build.0 = Release|Any CPU
	EndGlobalSection
	GlobalSection(SolutionProperties) = preSolution
		HideSolutionNode = FALSE
	EndGlobalSection
	GlobalSection(NestedProjects) = preSolution
		{4E9E52BB-943B-46FE-8561-3879B27BAA9C} = {BA2C527B-C244-4C2D-80E8-926EED1A9685}
		{C9CC06A4-CC55-488F-8DD0-AA88D942E748} = {BA2C527B-C244-4C2D-80E8-926EED1A9685}
		{CF11D32A-E356-4A4D-B017-B7EDD51C50E6} = {BA2C527B-C244-4C2D-80E8-926EED1A9685}
		{8A6D1B83-E210-4EA0-8995-355D64E32FA4} = {A934847A-8CEA-4E83-A741-0A1B1439ABA8}
		{F06DA341-88D6-4FA1-83EE-453C747CD607} = {A934847A-8CEA-4E83-A741-0A1B1439ABA8}
	EndGlobalSection
EndGlobal
